// !$*UTF8*$!
{
	archiveVersion = 1;
	classes = {
	};
	objectVersion = 46;
	objects = {

/* Begin PBXBuildFile section */
		3B2555171DB550DA0065D887 /* AppDelegate.swift in Sources */ = {isa = PBXBuildFile; fileRef = 3B2555161DB550DA0065D887 /* AppDelegate.swift */; };
		3B2555191DB550DA0065D887 /* ViewController.swift in Sources */ = {isa = PBXBuildFile; fileRef = 3B2555181DB550DA0065D887 /* ViewController.swift */; };
		3B25551C1DB550DA0065D887 /* Main.storyboard in Resources */ = {isa = PBXBuildFile; fileRef = 3B25551A1DB550DA0065D887 /* Main.storyboard */; };
		3B25551E1DB550DA0065D887 /* Assets.xcassets in Resources */ = {isa = PBXBuildFile; fileRef = 3B25551D1DB550DA0065D887 /* Assets.xcassets */; };
		3B2555211DB550DA0065D887 /* LaunchScreen.storyboard in Resources */ = {isa = PBXBuildFile; fileRef = 3B25551F1DB550DA0065D887 /* LaunchScreen.storyboard */; };
		3B2555301DB554B30065D887 /* NotoSans-Bold.ttf in Resources */ = {isa = PBXBuildFile; fileRef = 3B25552C1DB554930065D887 /* NotoSans-Bold.ttf */; };
		3B2555311DB554B30065D887 /* NotoSans-BoldItalic.ttf in Resources */ = {isa = PBXBuildFile; fileRef = 3B25552D1DB554930065D887 /* NotoSans-BoldItalic.ttf */; };
		3B2555321DB554B30065D887 /* NotoSans-Italic.ttf in Resources */ = {isa = PBXBuildFile; fileRef = 3B25552E1DB554930065D887 /* NotoSans-Italic.ttf */; };
		3B2555331DB554B30065D887 /* NotoSans-Regular.ttf in Resources */ = {isa = PBXBuildFile; fileRef = 3B25552F1DB554930065D887 /* NotoSans-Regular.ttf */; };
		3B2555351DB557BA0065D887 /* MaterialView.swift in Sources */ = {isa = PBXBuildFile; fileRef = 3B2555341DB557BA0065D887 /* MaterialView.swift */; };
		3B2555381DB558010065D887 /* Constants.swift in Sources */ = {isa = PBXBuildFile; fileRef = 3B2555371DB558010065D887 /* Constants.swift */; };
		3B25553A1DB55C7D0065D887 /* MaterialButton.swift in Sources */ = {isa = PBXBuildFile; fileRef = 3B2555391DB55C7D0065D887 /* MaterialButton.swift */; };
		3B25553C1DB55F6B0065D887 /* MaterialTextField.swift in Sources */ = {isa = PBXBuildFile; fileRef = 3B25553B1DB55F6B0065D887 /* MaterialTextField.swift */; };
		3CD06B8C455BDD8598FAAAA2 /* Pods_ShowCase.framework in Frameworks */ = {isa = PBXBuildFile; fileRef = CFF0090CED68B551B73CAB4A /* Pods_ShowCase.framework */; };
/* End PBXBuildFile section */

/* Begin PBXFileReference section */
		2F4E9090B7E9555E378D508B /* Pods-ShowCase.release.xcconfig */ = {isa = PBXFileReference; includeInIndex = 1; lastKnownFileType = text.xcconfig; name = "Pods-ShowCase.release.xcconfig"; path = "Pods/Target Support Files/Pods-ShowCase/Pods-ShowCase.release.xcconfig"; sourceTree = "<group>"; };
		3B2555131DB550DA0065D887 /* ShowCase.app */ = {isa = PBXFileReference; explicitFileType = wrapper.application; includeInIndex = 0; path = ShowCase.app; sourceTree = BUILT_PRODUCTS_DIR; };
		3B2555161DB550DA0065D887 /* AppDelegate.swift */ = {isa = PBXFileReference; lastKnownFileType = sourcecode.swift; path = AppDelegate.swift; sourceTree = "<group>"; };
		3B2555181DB550DA0065D887 /* ViewController.swift */ = {isa = PBXFileReference; lastKnownFileType = sourcecode.swift; path = ViewController.swift; sourceTree = "<group>"; };
		3B25551B1DB550DA0065D887 /* Base */ = {isa = PBXFileReference; lastKnownFileType = file.storyboard; name = Base; path = Base.lproj/Main.storyboard; sourceTree = "<group>"; };
		3B25551D1DB550DA0065D887 /* Assets.xcassets */ = {isa = PBXFileReference; lastKnownFileType = folder.assetcatalog; path = Assets.xcassets; sourceTree = "<group>"; };
		3B2555201DB550DA0065D887 /* Base */ = {isa = PBXFileReference; lastKnownFileType = file.storyboard; name = Base; path = Base.lproj/LaunchScreen.storyboard; sourceTree = "<group>"; };
		3B2555221DB550DA0065D887 /* Info.plist */ = {isa = PBXFileReference; lastKnownFileType = text.plist.xml; path = Info.plist; sourceTree = "<group>"; };
		3B25552C1DB554930065D887 /* NotoSans-Bold.ttf */ = {isa = PBXFileReference; lastKnownFileType = file; path = "NotoSans-Bold.ttf"; sourceTree = "<group>"; };
		3B25552D1DB554930065D887 /* NotoSans-BoldItalic.ttf */ = {isa = PBXFileReference; lastKnownFileType = file; path = "NotoSans-BoldItalic.ttf"; sourceTree = "<group>"; };
		3B25552E1DB554930065D887 /* NotoSans-Italic.ttf */ = {isa = PBXFileReference; lastKnownFileType = file; path = "NotoSans-Italic.ttf"; sourceTree = "<group>"; };
		3B25552F1DB554930065D887 /* NotoSans-Regular.ttf */ = {isa = PBXFileReference; lastKnownFileType = file; path = "NotoSans-Regular.ttf"; sourceTree = "<group>"; };
		3B2555341DB557BA0065D887 /* MaterialView.swift */ = {isa = PBXFileReference; fileEncoding = 4; lastKnownFileType = sourcecode.swift; path = MaterialView.swift; sourceTree = "<group>"; };
		3B2555371DB558010065D887 /* Constants.swift */ = {isa = PBXFileReference; fileEncoding = 4; lastKnownFileType = sourcecode.swift; path = Constants.swift; sourceTree = "<group>"; };
		3B2555391DB55C7D0065D887 /* MaterialButton.swift */ = {isa = PBXFileReference; fileEncoding = 4; lastKnownFileType = sourcecode.swift; path = MaterialButton.swift; sourceTree = "<group>"; };
		3B25553B1DB55F6B0065D887 /* MaterialTextField.swift */ = {isa = PBXFileReference; fileEncoding = 4; lastKnownFileType = sourcecode.swift; path = MaterialTextField.swift; sourceTree = "<group>"; };
		7793649B81FE1BB26CF95DEA /* Pods-ShowCase.debug.xcconfig */ = {isa = PBXFileReference; includeInIndex = 1; lastKnownFileType = text.xcconfig; name = "Pods-ShowCase.debug.xcconfig"; path = "Pods/Target Support Files/Pods-ShowCase/Pods-ShowCase.debug.xcconfig"; sourceTree = "<group>"; };
		CFF0090CED68B551B73CAB4A /* Pods_ShowCase.framework */ = {isa = PBXFileReference; explicitFileType = wrapper.framework; includeInIndex = 0; path = Pods_ShowCase.framework; sourceTree = BUILT_PRODUCTS_DIR; };
/* End PBXFileReference section */

/* Begin PBXFrameworksBuildPhase section */
		3B2555101DB550DA0065D887 /* Frameworks */ = {
			isa = PBXFrameworksBuildPhase;
			buildActionMask = 2147483647;
			files = (
				3CD06B8C455BDD8598FAAAA2 /* Pods_ShowCase.framework in Frameworks */,
			);
			runOnlyForDeploymentPostprocessing = 0;
		};
/* End PBXFrameworksBuildPhase section */

/* Begin PBXGroup section */
		230779F14AD213010EF6A079 /* Pods */ = {
			isa = PBXGroup;
			children = (
				7793649B81FE1BB26CF95DEA /* Pods-ShowCase.debug.xcconfig */,
				2F4E9090B7E9555E378D508B /* Pods-ShowCase.release.xcconfig */,
			);
			name = Pods;
			sourceTree = "<group>";
		};
		3B25550A1DB550DA0065D887 = {
			isa = PBXGroup;
			children = (
				3B2555151DB550DA0065D887 /* ShowCase */,
				3B2555141DB550DA0065D887 /* Products */,
				230779F14AD213010EF6A079 /* Pods */,
				7EF727DFBAE0EA32FDECE9ED /* Frameworks */,
			);
			sourceTree = "<group>";
		};
		3B2555141DB550DA0065D887 /* Products */ = {
			isa = PBXGroup;
			children = (
				3B2555131DB550DA0065D887 /* ShowCase.app */,
			);
			name = Products;
			sourceTree = "<group>";
		};
		3B2555151DB550DA0065D887 /* ShowCase */ = {
			isa = PBXGroup;
			children = (
				3B2555361DB557F40065D887 /* Util */,
				3B25552B1DB5547D0065D887 /* Resources */,
				3B25552A1DB554750065D887 /* Controller */,
				3B2555291DB554710065D887 /* View */,
				3B2555281DB5546C0065D887 /* Model */,
				3B2555161DB550DA0065D887 /* AppDelegate.swift */,
				3B2555181DB550DA0065D887 /* ViewController.swift */,
				3B25551A1DB550DA0065D887 /* Main.storyboard */,
				3B25551D1DB550DA0065D887 /* Assets.xcassets */,
				3B25551F1DB550DA0065D887 /* LaunchScreen.storyboard */,
				3B2555221DB550DA0065D887 /* Info.plist */,
			);
			path = ShowCase;
			sourceTree = "<group>";
		};
		3B2555281DB5546C0065D887 /* Model */ = {
			isa = PBXGroup;
			children = (
			);
			name = Model;
			sourceTree = "<group>";
		};
		3B2555291DB554710065D887 /* View */ = {
			isa = PBXGroup;
			children = (
				3B2555341DB557BA0065D887 /* MaterialView.swift */,
				3B2555391DB55C7D0065D887 /* MaterialButton.swift */,
				3B25553B1DB55F6B0065D887 /* MaterialTextField.swift */,
			);
			name = View;
			sourceTree = "<group>";
		};
		3B25552A1DB554750065D887 /* Controller */ = {
			isa = PBXGroup;
			children = (
			);
			name = Controller;
			sourceTree = "<group>";
		};
		3B25552B1DB5547D0065D887 /* Resources */ = {
			isa = PBXGroup;
			children = (
				3B25552C1DB554930065D887 /* NotoSans-Bold.ttf */,
				3B25552D1DB554930065D887 /* NotoSans-BoldItalic.ttf */,
				3B25552E1DB554930065D887 /* NotoSans-Italic.ttf */,
				3B25552F1DB554930065D887 /* NotoSans-Regular.ttf */,
			);
			name = Resources;
			sourceTree = "<group>";
		};
		3B2555361DB557F40065D887 /* Util */ = {
			isa = PBXGroup;
			children = (
				3B2555371DB558010065D887 /* Constants.swift */,
			);
			name = Util;
			sourceTree = "<group>";
		};
		7EF727DFBAE0EA32FDECE9ED /* Frameworks */ = {
			isa = PBXGroup;
			children = (
				CFF0090CED68B551B73CAB4A /* Pods_ShowCase.framework */,
			);
			name = Frameworks;
			sourceTree = "<group>";
		};
/* End PBXGroup section */

/* Begin PBXNativeTarget section */
		3B2555121DB550DA0065D887 /* ShowCase */ = {
			isa = PBXNativeTarget;
			buildConfigurationList = 3B2555251DB550DA0065D887 /* Build configuration list for PBXNativeTarget "ShowCase" */;
			buildPhases = (
				2EF234D2595CB91704038C59 /* [CP] Check Pods Manifest.lock */,
				3B25550F1DB550DA0065D887 /* Sources */,
				3B2555101DB550DA0065D887 /* Frameworks */,
				3B2555111DB550DA0065D887 /* Resources */,
				AD6AD2FCA0389A7FA1992AA2 /* [CP] Embed Pods Frameworks */,
				FB1BB9EF406B1B2133D2F8D0 /* [CP] Copy Pods Resources */,
			);
			buildRules = (
			);
			dependencies = (
			);
			name = ShowCase;
			productName = ShowCase;
			productReference = 3B2555131DB550DA0065D887 /* ShowCase.app */;
			productType = "com.apple.product-type.application";
		};
/* End PBXNativeTarget section */

/* Begin PBXProject section */
		3B25550B1DB550DA0065D887 /* Project object */ = {
			isa = PBXProject;
			attributes = {
				LastSwiftUpdateCheck = 0730;
				LastUpgradeCheck = 0730;
				ORGANIZATIONNAME = hiddenplatform;
				TargetAttributes = {
					3B2555121DB550DA0065D887 = {
						CreatedOnToolsVersion = 7.3.1;
					};
				};
			};
			buildConfigurationList = 3B25550E1DB550DA0065D887 /* Build configuration list for PBXProject "ShowCase" */;
			compatibilityVersion = "Xcode 3.2";
			developmentRegion = English;
			hasScannedForEncodings = 0;
			knownRegions = (
				en,
				Base,
			);
			mainGroup = 3B25550A1DB550DA0065D887;
			productRefGroup = 3B2555141DB550DA0065D887 /* Products */;
			projectDirPath = "";
			projectRoot = "";
			targets = (
				3B2555121DB550DA0065D887 /* ShowCase */,
			);
		};
/* End PBXProject section */

/* Begin PBXResourcesBuildPhase section */
		3B2555111DB550DA0065D887 /* Resources */ = {
			isa = PBXResourcesBuildPhase;
			buildActionMask = 2147483647;
			files = (
				3B2555301DB554B30065D887 /* NotoSans-Bold.ttf in Resources */,
				3B2555311DB554B30065D887 /* NotoSans-BoldItalic.ttf in Resources */,
				3B2555321DB554B30065D887 /* NotoSans-Italic.ttf in Resources */,
				3B2555331DB554B30065D887 /* NotoSans-Regular.ttf in Resources */,
				3B2555211DB550DA0065D887 /* LaunchScreen.storyboard in Resources */,
				3B25551E1DB550DA0065D887 /* Assets.xcassets in Resources */,
				3B25551C1DB550DA0065D887 /* Main.storyboard in Resources */,
			);
			runOnlyForDeploymentPostprocessing = 0;
		};
/* End PBXResourcesBuildPhase section */

/* Begin PBXShellScriptBuildPhase section */
		2EF234D2595CB91704038C59 /* [CP] Check Pods Manifest.lock */ = {
			isa = PBXShellScriptBuildPhase;
			buildActionMask = 2147483647;
			files = (
			);
			inputPaths = (
			);
			name = "[CP] Check Pods Manifest.lock";
			outputPaths = (
			);
			runOnlyForDeploymentPostprocessing = 0;
			shellPath = /bin/sh;
			shellScript = "diff \"${PODS_ROOT}/../Podfile.lock\" \"${PODS_ROOT}/Manifest.lock\" > /dev/null\nif [[ $? != 0 ]] ; then\n    cat << EOM\nerror: The sandbox is not in sync with the Podfile.lock. Run 'pod install' or update your CocoaPods installation.\nEOM\n    exit 1\nfi\n";
			showEnvVarsInLog = 0;
		};
		AD6AD2FCA0389A7FA1992AA2 /* [CP] Embed Pods Frameworks */ = {
			isa = PBXShellScriptBuildPhase;
			buildActionMask = 2147483647;
			files = (
			);
			inputPaths = (
			);
			name = "[CP] Embed Pods Frameworks";
			outputPaths = (
			);
			runOnlyForDeploymentPostprocessing = 0;
			shellPath = /bin/sh;
			shellScript = "\"${SRCROOT}/Pods/Target Support Files/Pods-ShowCase/Pods-ShowCase-frameworks.sh\"\n";
			showEnvVarsInLog = 0;
		};
		FB1BB9EF406B1B2133D2F8D0 /* [CP] Copy Pods Resources */ = {
			isa = PBXShellScriptBuildPhase;
			buildActionMask = 2147483647;
			files = (
			);
			inputPaths = (
			);
			name = "[CP] Copy Pods Resources";
			outputPaths = (
			);
			runOnlyForDeploymentPostprocessing = 0;
			shellPath = /bin/sh;
			shellScript = "\"${SRCROOT}/Pods/Target Support Files/Pods-ShowCase/Pods-ShowCase-resources.sh\"\n";
			showEnvVarsInLog = 0;
		};
/* End PBXShellScriptBuildPhase section */

/* Begin PBXSourcesBuildPhase section */
		3B25550F1DB550DA0065D887 /* Sources */ = {
			isa = PBXSourcesBuildPhase;
			buildActionMask = 2147483647;
			files = (
				3B25553C1DB55F6B0065D887 /* MaterialTextField.swift in Sources */,
				3B2555351DB557BA0065D887 /* MaterialView.swift in Sources */,
				3B2555191DB550DA0065D887 /* ViewController.swift in Sources */,
				3B2555171DB550DA0065D887 /* AppDelegate.swift in Sources */,
				3B2555381DB558010065D887 /* Constants.swift in Sources */,
				3B25553A1DB55C7D0065D887 /* MaterialButton.swift in Sources */,
			);
			runOnlyForDeploymentPostprocessing = 0;
		};
/* End PBXSourcesBuildPhase section */

/* Begin PBXVariantGroup section */
		3B25551A1DB550DA0065D887 /* Main.storyboard */ = {
			isa = PBXVariantGroup;
			children = (
				3B25551B1DB550DA0065D887 /* Base */,
			);
			name = Main.storyboard;
			sourceTree = "<group>";
		};
		3B25551F1DB550DA0065D887 /* LaunchScreen.storyboard */ = {
			isa = PBXVariantGroup;
			children = (
				3B2555201DB550DA0065D887 /* Base */,
			);
			name = LaunchScreen.storyboard;
			sourceTree = "<group>";
		};
/* End PBXVariantGroup section */

/* Begin XCBuildConfiguration section */
		3B2555231DB550DA0065D887 /* Debug */ = {
			isa = XCBuildConfiguration;
			buildSettings = {
				ALWAYS_SEARCH_USER_PATHS = NO;
				CLANG_ANALYZER_NONNULL = YES;
				CLANG_CXX_LANGUAGE_STANDARD = "gnu++0x";
				CLANG_CXX_LIBRARY = "libc++";
				CLANG_ENABLE_MODULES = YES;
				CLANG_ENABLE_OBJC_ARC = YES;
				CLANG_WARN_BOOL_CONVERSION = YES;
				CLANG_WARN_CONSTANT_CONVERSION = YES;
				CLANG_WARN_DIRECT_OBJC_ISA_USAGE = YES_ERROR;
				CLANG_WARN_EMPTY_BODY = YES;
				CLANG_WARN_ENUM_CONVERSION = YES;
				CLANG_WARN_INT_CONVERSION = YES;
				CLANG_WARN_OBJC_ROOT_CLASS = YES_ERROR;
				CLANG_WARN_UNREACHABLE_CODE = YES;
				CLANG_WARN__DUPLICATE_METHOD_MATCH = YES;
				"CODE_SIGN_IDENTITY[sdk=iphoneos*]" = "iPhone Developer";
				COPY_PHASE_STRIP = NO;
				DEBUG_INFORMATION_FORMAT = dwarf;
				ENABLE_STRICT_OBJC_MSGSEND = YES;
				ENABLE_TESTABILITY = YES;
				GCC_C_LANGUAGE_STANDARD = gnu99;
				GCC_DYNAMIC_NO_PIC = NO;
				GCC_NO_COMMON_BLOCKS = YES;
				GCC_OPTIMIZATION_LEVEL = 0;
				GCC_PREPROCESSOR_DEFINITIONS = (
					"DEBUG=1",
					"$(inherited)",
				);
				GCC_WARN_64_TO_32_BIT_CONVERSION = YES;
				GCC_WARN_ABOUT_RETURN_TYPE = YES_ERROR;
				GCC_WARN_UNDECLARED_SELECTOR = YES;
				GCC_WARN_UNINITIALIZED_AUTOS = YES_AGGRESSIVE;
				GCC_WARN_UNUSED_FUNCTION = YES;
				GCC_WARN_UNUSED_VARIABLE = YES;
				IPHONEOS_DEPLOYMENT_TARGET = 9.3;
				MTL_ENABLE_DEBUG_INFO = YES;
				ONLY_ACTIVE_ARCH = YES;
				SDKROOT = iphoneos;
				SWIFT_OPTIMIZATION_LEVEL = "-Onone";
				TARGETED_DEVICE_FAMILY = "1,2";
			};
			name = Debug;
		};
		3B2555241DB550DA0065D887 /* Release */ = {
			isa = XCBuildConfiguration;
			buildSettings = {
				ALWAYS_SEARCH_USER_PATHS = NO;
				CLANG_ANALYZER_NONNULL = YES;
				CLANG_CXX_LANGUAGE_STANDARD = "gnu++0x";
				CLANG_CXX_LIBRARY = "libc++";
				CLANG_ENABLE_MODULES = YES;
				CLANG_ENABLE_OBJC_ARC = YES;
				CLANG_WARN_BOOL_CONVERSION = YES;
				CLANG_WARN_CONSTANT_CONVERSION = YES;
				CLANG_WARN_DIRECT_OBJC_ISA_USAGE = YES_ERROR;
				CLANG_WARN_EMPTY_BODY = YES;
				CLANG_WARN_ENUM_CONVERSION = YES;
				CLANG_WARN_INT_CONVERSION = YES;
				CLANG_WARN_OBJC_ROOT_CLASS = YES_ERROR;
				CLANG_WARN_UNREACHABLE_CODE = YES;
				CLANG_WARN__DUPLICATE_METHOD_MATCH = YES;
				"CODE_SIGN_IDENTITY[sdk=iphoneos*]" = "iPhone Developer";
				COPY_PHASE_STRIP = NO;
				DEBUG_INFORMATION_FORMAT = "dwarf-with-dsym";
				ENABLE_NS_ASSERTIONS = NO;
				ENABLE_STRICT_OBJC_MSGSEND = YES;
				GCC_C_LANGUAGE_STANDARD = gnu99;
				GCC_NO_COMMON_BLOCKS = YES;
				GCC_WARN_64_TO_32_BIT_CONVERSION = YES;
				GCC_WARN_ABOUT_RETURN_TYPE = YES_ERROR;
				GCC_WARN_UNDECLARED_SELECTOR = YES;
				GCC_WARN_UNINITIALIZED_AUTOS = YES_AGGRESSIVE;
				GCC_WARN_UNUSED_FUNCTION = YES;
				GCC_WARN_UNUSED_VARIABLE = YES;
				IPHONEOS_DEPLOYMENT_TARGET = 9.3;
				MTL_ENABLE_DEBUG_INFO = NO;
				SDKROOT = iphoneos;
				TARGETED_DEVICE_FAMILY = "1,2";
				VALIDATE_PRODUCT = YES;
			};
			name = Release;
		};
		3B2555261DB550DA0065D887 /* Debug */ = {
			isa = XCBuildConfiguration;
			baseConfigurationReference = 7793649B81FE1BB26CF95DEA /* Pods-ShowCase.debug.xcconfig */;
			buildSettings = {
				ASSETCATALOG_COMPILER_APPICON_NAME = AppIcon;
				FRAMEWORK_SEARCH_PATHS = (
					"$(inherited)",
					"\"$PODS_CONFIGURATION_BUILD_DIR/Bolts\"",
					"\"$PODS_CONFIGURATION_BUILD_DIR/FBSDKCoreKit\"",
					"\"$PODS_CONFIGURATION_BUILD_DIR/FBSDKLoginKit\"",
					"\"${PODS_ROOT}/FirebaseAnalytics/Frameworks/frameworks\"",
					"\"${PODS_ROOT}/FirebaseInstanceID/Frameworks/frameworks\"",
					"\"${PODS_ROOT}/GoogleInterchangeUtilities/Frameworks\"",
					"\"${PODS_ROOT}/GoogleSymbolUtilities/Frameworks\"",
					"\"${PODS_ROOT}/GoogleUtilities/Frameworks\"",
					"~/Documents/FacebookSDK",
				);
				INFOPLIST_FILE = ShowCase/Info.plist;
				LD_RUNPATH_SEARCH_PATHS = "$(inherited) @executable_path/Frameworks";
				PRODUCT_BUNDLE_IDENTIFIER = hiddenplatform.ShowCase;
				PRODUCT_NAME = "$(TARGET_NAME)";
			};
			name = Debug;
		};
		3B2555271DB550DA0065D887 /* Release */ = {
			isa = XCBuildConfiguration;
			baseConfigurationReference = 2F4E9090B7E9555E378D508B /* Pods-ShowCase.release.xcconfig */;
			buildSettings = {
				ASSETCATALOG_COMPILER_APPICON_NAME = AppIcon;
				FRAMEWORK_SEARCH_PATHS = (
					"$(inherited)",
					"\"$PODS_CONFIGURATION_BUILD_DIR/Bolts\"",
					"\"$PODS_CONFIGURATION_BUILD_DIR/FBSDKCoreKit\"",
					"\"$PODS_CONFIGURATION_BUILD_DIR/FBSDKLoginKit\"",
					"\"${PODS_ROOT}/FirebaseAnalytics/Frameworks/frameworks\"",
					"\"${PODS_ROOT}/FirebaseInstanceID/Frameworks/frameworks\"",
					"\"${PODS_ROOT}/GoogleInterchangeUtilities/Frameworks\"",
					"\"${PODS_ROOT}/GoogleSymbolUtilities/Frameworks\"",
					"\"${PODS_ROOT}/GoogleUtilities/Frameworks\"",
					"~/Documents/FacebookSDK",
				);
				INFOPLIST_FILE = ShowCase/Info.plist;
				LD_RUNPATH_SEARCH_PATHS = "$(inherited) @executable_path/Frameworks";
				PRODUCT_BUNDLE_IDENTIFIER = hiddenplatform.ShowCase;
				PRODUCT_NAME = "$(TARGET_NAME)";
			};
			name = Release;
		};
/* End XCBuildConfiguration section */

/* Begin XCConfigurationList section */
		3B25550E1DB550DA0065D887 /* Build configuration list for PBXProject "ShowCase" */ = {
			isa = XCConfigurationList;
			buildConfigurations = (
				3B2555231DB550DA0065D887 /* Debug */,
				3B2555241DB550DA0065D887 /* Release */,
			);
			defaultConfigurationIsVisible = 0;
			defaultConfigurationName = Release;
		};
		3B2555251DB550DA0065D887 /* Build configuration list for PBXNativeTarget "ShowCase" */ = {
			isa = XCConfigurationList;
			buildConfigurations = (
				3B2555261DB550DA0065D887 /* Debug */,
				3B2555271DB550DA0065D887 /* Release */,
			);
			defaultConfigurationIsVisible = 0;
			defaultConfigurationName = Release;
		};
/* End XCConfigurationList section */
	};
	rootObject = 3B25550B1DB550DA0065D887 /* Project object */;
}
